
Microsoft Visual Studio Solution File, Format Version 12.00
# Visual Studio Version 17
VisualStudioVersion = 17.9.34616.47
MinimumVisualStudioVersion = 10.0.40219.1
Project("{8BC9CEB8-8B4A-11D0-8D11-00A0C91BC942}") = "Praktikum", "Praktikum\Praktikum.vcxproj", "{7E139763-485B-4BBF-A633-73B8218C3AD6}"
EndProject
Global
	GlobalSection(SolutionConfigurationPlatforms) = preSolution
		Debug|x64 = Debug|x64
		Debug|x86 = Debug|x86
		Release|x64 = Release|x64
		Release|x86 = Release|x86
	EndGlobalSection
	GlobalSection(ProjectConfigurationPlatforms) = postSolution
		{7E139763-485B-4BBF-A633-73B8218C3AD6}.Debug|x64.ActiveCfg = Debug|x64
		{7E139763-485B-4BBF-A633-73B8218C3AD6}.Debug|x64.Build.0 = Debug|x64
		{7E139763-485B-4BBF-A633-73B8218C3AD6}.Debug|x86.ActiveCfg = Debug|Win32
		{7E139763-485B-4BBF-A633-73B8218C3AD6}.Debug|x86.Build.0 = Debug|Win32
		{7E139763-485B-4BBF-A633-73B8218C3AD6}.Release|x64.ActiveCfg = Release|x64
		{7E139763-485B-4BBF-A633-73B8218C3AD6}.Release|x64.Build.0 = Release|x64
		{7E139763-485B-4BBF-A633-73B8218C3AD6}.Release|x86.ActiveCfg = Release|Win32
		{7E139763-485B-4BBF-A633-73B8218C3AD6}.Release|x86.Build.0 = Release|Win32
	EndGlobalSection
	GlobalSection(SolutionProperties) = preSolution
		HideSolutionNode = FALSE
	EndGlobalSection
	GlobalSection(ExtensibilityGlobals) = postSolution
		SolutionGuid = {F1CAB05F-5C29-4562-A48B-F4C8FB4E15F0}
	EndGlobalSection
EndGlobal
